PODS:
  - GRMustache.swift (2.0.0)
  - zipzap (8.1.1)

DEPENDENCIES:
  - GRMustache.swift (from `https://github.com/groue/GRMustache.swift.git`, commit `e005633`)
  - zipzap

EXTERNAL SOURCES:
  GRMustache.swift:
    :commit: e005633
    :git: https://github.com/groue/GRMustache.swift.git

CHECKOUT OPTIONS:
  GRMustache.swift:
    :commit: e005633
    :git: https://github.com/groue/GRMustache.swift.git

SPEC CHECKSUMS:
  GRMustache.swift: 53405b02c374520f9193cf41bfa677f03a6d70aa
  zipzap: 940162d9c9c60472c2eab341385e4214da0fdf1c

PODFILE CHECKSUM: 7760d8d944031b43aacad036f83b54ff58980e94

COCOAPODS: 1.2.1
