PODS:
  - GRMustache.swift (2.0.0)
  - zipzap (8.1.1)

DEPENDENCIES:
  - GRMustache.swift
  - zipzap

SPEC CHECKSUMS:
  GRMustache.swift: 8a547c12bea16052071b2b540af83d770075f0eb
  zipzap: 940162d9c9c60472c2eab341385e4214da0fdf1c

PODFILE CHECKSUM: 51bf47536360d9829fe6f97e272139b5e9c9a136

COCOAPODS: 1.2.1
