// !$*UTF8*$!
{
	archiveVersion = 1;
	classes = {
	};
	objectVersion = 46;
	objects = {

/* Begin PBXBuildFile section */
		A79F753796F93BE62F0AB329 /* Pods_Quake_3_BSP_Renderer.framework in Frameworks */ = {isa = PBXBuildFile; fileRef = 475322413CA8375A752571AF /* Pods_Quake_3_BSP_Renderer.framework */; };
		E21CCBB81C46297D00BF5B91 /* Q3ResourceLoader.swift in Sources */ = {isa = PBXBuildFile; fileRef = E21CCBB71C46297D00BF5B91 /* Q3ResourceLoader.swift */; };
		E21CCBBA1C462C5200BF5B91 /* Q3Map.swift in Sources */ = {isa = PBXBuildFile; fileRef = E21CCBB91C462C5200BF5B91 /* Q3Map.swift */; };
		E21CCBBC1C46344D00BF5B91 /* Q3Types.swift in Sources */ = {isa = PBXBuildFile; fileRef = E21CCBBB1C46344D00BF5B91 /* Q3Types.swift */; };
		E24920C81C0733D100352118 /* Mesh.swift in Sources */ = {isa = PBXBuildFile; fileRef = E24920C71C0733D100352118 /* Mesh.swift */; };
		E24F12B41C47BD5200DF1DCF /* pak0.pk3 in Resources */ = {isa = PBXBuildFile; fileRef = E24F12B31C47BD5200DF1DCF /* pak0.pk3 */; };
		E24F12B61C47C2D300DF1DCF /* Targa.swift in Sources */ = {isa = PBXBuildFile; fileRef = E24F12B51C47C2D300DF1DCF /* Targa.swift */; };
		E26DC7181C15625C003E7A54 /* Camera.swift in Sources */ = {isa = PBXBuildFile; fileRef = E26DC7171C15625C003E7A54 /* Camera.swift */; };
		E27901EB1B8D989C00E09E46 /* AppDelegate.swift in Sources */ = {isa = PBXBuildFile; fileRef = E27901EA1B8D989C00E09E46 /* AppDelegate.swift */; };
		E27901ED1B8D989C00E09E46 /* ViewController.swift in Sources */ = {isa = PBXBuildFile; fileRef = E27901EC1B8D989C00E09E46 /* ViewController.swift */; };
		E27901F01B8D989C00E09E46 /* Main.storyboard in Resources */ = {isa = PBXBuildFile; fileRef = E27901EE1B8D989C00E09E46 /* Main.storyboard */; };
		E27901F21B8D989C00E09E46 /* Images.xcassets in Resources */ = {isa = PBXBuildFile; fileRef = E27901F11B8D989C00E09E46 /* Images.xcassets */; };
		E27901F51B8D989C00E09E46 /* LaunchScreen.xib in Resources */ = {isa = PBXBuildFile; fileRef = E27901F31B8D989C00E09E46 /* LaunchScreen.xib */; };
		E279020B1B8D98CB00E09E46 /* BinaryReader.swift in Sources */ = {isa = PBXBuildFile; fileRef = E279020A1B8D98CB00E09E46 /* BinaryReader.swift */; };
		E279020F1B8D9CAC00E09E46 /* Shaders.metal in Sources */ = {isa = PBXBuildFile; fileRef = E279020E1B8D9CAC00E09E46 /* Shaders.metal */; };
		E2C8CC851C40A93F003E0D4C /* BufferProvider.swift in Sources */ = {isa = PBXBuildFile; fileRef = E2C8CC841C40A93F003E0D4C /* BufferProvider.swift */; };
		E2E0B6191C2B9FB800365076 /* Bezier.swift in Sources */ = {isa = PBXBuildFile; fileRef = E2E0B6181C2B9FB800365076 /* Bezier.swift */; };
/* End PBXBuildFile section */

/* Begin PBXContainerItemProxy section */
		E27901FB1B8D989C00E09E46 /* PBXContainerItemProxy */ = {
			isa = PBXContainerItemProxy;
			containerPortal = E27901DD1B8D989C00E09E46 /* Project object */;
			proxyType = 1;
			remoteGlobalIDString = E27901E41B8D989C00E09E46;
			remoteInfo = "Quake 3 BSP Renderer";
		};
/* End PBXContainerItemProxy section */

/* Begin PBXFileReference section */
		463EDD83127DC7FDF8435C5B /* Pods-Quake 3 BSP Renderer.release.xcconfig */ = {isa = PBXFileReference; includeInIndex = 1; lastKnownFileType = text.xcconfig; name = "Pods-Quake 3 BSP Renderer.release.xcconfig"; path = "Pods/Target Support Files/Pods-Quake 3 BSP Renderer/Pods-Quake 3 BSP Renderer.release.xcconfig"; sourceTree = "<group>"; };
		475322413CA8375A752571AF /* Pods_Quake_3_BSP_Renderer.framework */ = {isa = PBXFileReference; explicitFileType = wrapper.framework; includeInIndex = 0; path = Pods_Quake_3_BSP_Renderer.framework; sourceTree = BUILT_PRODUCTS_DIR; };
		91FC9E179FF0E33E9F2EA5B5 /* Pods-Quake 3 BSP Renderer.debug.xcconfig */ = {isa = PBXFileReference; includeInIndex = 1; lastKnownFileType = text.xcconfig; name = "Pods-Quake 3 BSP Renderer.debug.xcconfig"; path = "Pods/Target Support Files/Pods-Quake 3 BSP Renderer/Pods-Quake 3 BSP Renderer.debug.xcconfig"; sourceTree = "<group>"; };
		E21CCBB71C46297D00BF5B91 /* Q3ResourceLoader.swift */ = {isa = PBXFileReference; fileEncoding = 4; lastKnownFileType = sourcecode.swift; path = Q3ResourceLoader.swift; sourceTree = "<group>"; };
		E21CCBB91C462C5200BF5B91 /* Q3Map.swift */ = {isa = PBXFileReference; fileEncoding = 4; lastKnownFileType = sourcecode.swift; path = Q3Map.swift; sourceTree = "<group>"; };
		E21CCBBB1C46344D00BF5B91 /* Q3Types.swift */ = {isa = PBXFileReference; fileEncoding = 4; lastKnownFileType = sourcecode.swift; path = Q3Types.swift; sourceTree = "<group>"; };
		E24920C71C0733D100352118 /* Mesh.swift */ = {isa = PBXFileReference; fileEncoding = 4; lastKnownFileType = sourcecode.swift; path = Mesh.swift; sourceTree = "<group>"; };
		E24F12B31C47BD5200DF1DCF /* pak0.pk3 */ = {isa = PBXFileReference; lastKnownFileType = file; path = pak0.pk3; sourceTree = "<group>"; };
		E24F12B51C47C2D300DF1DCF /* Targa.swift */ = {isa = PBXFileReference; fileEncoding = 4; lastKnownFileType = sourcecode.swift; path = Targa.swift; sourceTree = "<group>"; };
		E26DC7171C15625C003E7A54 /* Camera.swift */ = {isa = PBXFileReference; fileEncoding = 4; lastKnownFileType = sourcecode.swift; path = Camera.swift; sourceTree = "<group>"; };
		E27901E51B8D989C00E09E46 /* Quake 3 BSP Renderer.app */ = {isa = PBXFileReference; explicitFileType = wrapper.application; includeInIndex = 0; path = "Quake 3 BSP Renderer.app"; sourceTree = BUILT_PRODUCTS_DIR; };
		E27901E91B8D989C00E09E46 /* Info.plist */ = {isa = PBXFileReference; lastKnownFileType = text.plist.xml; path = Info.plist; sourceTree = "<group>"; };
		E27901EA1B8D989C00E09E46 /* AppDelegate.swift */ = {isa = PBXFileReference; lastKnownFileType = sourcecode.swift; path = AppDelegate.swift; sourceTree = "<group>"; };
		E27901EC1B8D989C00E09E46 /* ViewController.swift */ = {isa = PBXFileReference; lastKnownFileType = sourcecode.swift; path = ViewController.swift; sourceTree = "<group>"; };
		E27901EF1B8D989C00E09E46 /* Base */ = {isa = PBXFileReference; lastKnownFileType = file.storyboard; name = Base; path = Base.lproj/Main.storyboard; sourceTree = "<group>"; };
		E27901F11B8D989C00E09E46 /* Images.xcassets */ = {isa = PBXFileReference; lastKnownFileType = folder.assetcatalog; path = Images.xcassets; sourceTree = "<group>"; };
		E27901F41B8D989C00E09E46 /* Base */ = {isa = PBXFileReference; lastKnownFileType = file.xib; name = Base; path = Base.lproj/LaunchScreen.xib; sourceTree = "<group>"; };
		E27901FA1B8D989C00E09E46 /* Quake 3 BSP RendererTests.xctest */ = {isa = PBXFileReference; explicitFileType = wrapper.cfbundle; includeInIndex = 0; path = "Quake 3 BSP RendererTests.xctest"; sourceTree = BUILT_PRODUCTS_DIR; };
		E279020A1B8D98CB00E09E46 /* BinaryReader.swift */ = {isa = PBXFileReference; fileEncoding = 4; lastKnownFileType = sourcecode.swift; path = BinaryReader.swift; sourceTree = "<group>"; };
		E279020E1B8D9CAC00E09E46 /* Shaders.metal */ = {isa = PBXFileReference; fileEncoding = 4; lastKnownFileType = sourcecode.metal; path = Shaders.metal; sourceTree = "<group>"; };
		E2C8CC841C40A93F003E0D4C /* BufferProvider.swift */ = {isa = PBXFileReference; fileEncoding = 4; lastKnownFileType = sourcecode.swift; path = BufferProvider.swift; sourceTree = "<group>"; };
		E2E0B6181C2B9FB800365076 /* Bezier.swift */ = {isa = PBXFileReference; fileEncoding = 4; lastKnownFileType = sourcecode.swift; path = Bezier.swift; sourceTree = "<group>"; };
/* End PBXFileReference section */

/* Begin PBXFrameworksBuildPhase section */
		E27901E21B8D989C00E09E46 /* Frameworks */ = {
			isa = PBXFrameworksBuildPhase;
			buildActionMask = 2147483647;
			files = (
				A79F753796F93BE62F0AB329 /* Pods_Quake_3_BSP_Renderer.framework in Frameworks */,
			);
			runOnlyForDeploymentPostprocessing = 0;
		};
		E27901F71B8D989C00E09E46 /* Frameworks */ = {
			isa = PBXFrameworksBuildPhase;
			buildActionMask = 2147483647;
			files = (
			);
			runOnlyForDeploymentPostprocessing = 0;
		};
/* End PBXFrameworksBuildPhase section */

/* Begin PBXGroup section */
		D41E1A8C7C970E37C41FC01D /* Pods */ = {
			isa = PBXGroup;
			children = (
				91FC9E179FF0E33E9F2EA5B5 /* Pods-Quake 3 BSP Renderer.debug.xcconfig */,
				463EDD83127DC7FDF8435C5B /* Pods-Quake 3 BSP Renderer.release.xcconfig */,
			);
			name = Pods;
			sourceTree = "<group>";
		};
		DF93E42F912BEA2A30D0ADBA /* Frameworks */ = {
			isa = PBXGroup;
			children = (
				475322413CA8375A752571AF /* Pods_Quake_3_BSP_Renderer.framework */,
			);
			name = Frameworks;
			sourceTree = "<group>";
		};
		E27901DC1B8D989C00E09E46 = {
			isa = PBXGroup;
			children = (
				E27901E71B8D989C00E09E46 /* Quake 3 BSP Renderer */,
				E27901E61B8D989C00E09E46 /* Products */,
				D41E1A8C7C970E37C41FC01D /* Pods */,
				DF93E42F912BEA2A30D0ADBA /* Frameworks */,
			);
			sourceTree = "<group>";
		};
		E27901E61B8D989C00E09E46 /* Products */ = {
			isa = PBXGroup;
			children = (
				E27901E51B8D989C00E09E46 /* Quake 3 BSP Renderer.app */,
				E27901FA1B8D989C00E09E46 /* Quake 3 BSP RendererTests.xctest */,
			);
			name = Products;
			sourceTree = "<group>";
		};
		E27901E71B8D989C00E09E46 /* Quake 3 BSP Renderer */ = {
			isa = PBXGroup;
			children = (
				E24F12B31C47BD5200DF1DCF /* pak0.pk3 */,
				E27901EA1B8D989C00E09E46 /* AppDelegate.swift */,
				E27901EC1B8D989C00E09E46 /* ViewController.swift */,
				E27901EE1B8D989C00E09E46 /* Main.storyboard */,
				E27901F11B8D989C00E09E46 /* Images.xcassets */,
				E27901F31B8D989C00E09E46 /* LaunchScreen.xib */,
				E27901E81B8D989C00E09E46 /* Supporting Files */,
				E279020A1B8D98CB00E09E46 /* BinaryReader.swift */,
				E279020E1B8D9CAC00E09E46 /* Shaders.metal */,
				E24920C71C0733D100352118 /* Mesh.swift */,
				E26DC7171C15625C003E7A54 /* Camera.swift */,
				E2E0B6181C2B9FB800365076 /* Bezier.swift */,
				E2C8CC841C40A93F003E0D4C /* BufferProvider.swift */,
				E21CCBB71C46297D00BF5B91 /* Q3ResourceLoader.swift */,
				E21CCBB91C462C5200BF5B91 /* Q3Map.swift */,
				E21CCBBB1C46344D00BF5B91 /* Q3Types.swift */,
				E24F12B51C47C2D300DF1DCF /* Targa.swift */,
			);
			path = "Quake 3 BSP Renderer";
			sourceTree = "<group>";
		};
		E27901E81B8D989C00E09E46 /* Supporting Files */ = {
			isa = PBXGroup;
			children = (
				E27901E91B8D989C00E09E46 /* Info.plist */,
			);
			name = "Supporting Files";
			sourceTree = "<group>";
		};
/* End PBXGroup section */

/* Begin PBXNativeTarget section */
		E27901E41B8D989C00E09E46 /* Quake 3 BSP Renderer */ = {
			isa = PBXNativeTarget;
			buildConfigurationList = E27902041B8D989C00E09E46 /* Build configuration list for PBXNativeTarget "Quake 3 BSP Renderer" */;
			buildPhases = (
				C67F708CA01454CC4112CA64 /* Check Pods Manifest.lock */,
				E27901E11B8D989C00E09E46 /* Sources */,
				E27901E21B8D989C00E09E46 /* Frameworks */,
				E27901E31B8D989C00E09E46 /* Resources */,
				5F73E9B5822B3AD6E9A43B15 /* Embed Pods Frameworks */,
				B1BA9CC0B23D30CEA5FE06E8 /* Copy Pods Resources */,
			);
			buildRules = (
			);
			dependencies = (
			);
			name = "Quake 3 BSP Renderer";
			productName = "Quake 3 BSP Renderer";
			productReference = E27901E51B8D989C00E09E46 /* Quake 3 BSP Renderer.app */;
			productType = "com.apple.product-type.application";
		};
		E27901F91B8D989C00E09E46 /* Quake 3 BSP RendererTests */ = {
			isa = PBXNativeTarget;
			buildConfigurationList = E27902071B8D989C00E09E46 /* Build configuration list for PBXNativeTarget "Quake 3 BSP RendererTests" */;
			buildPhases = (
				E27901F61B8D989C00E09E46 /* Sources */,
				E27901F71B8D989C00E09E46 /* Frameworks */,
				E27901F81B8D989C00E09E46 /* Resources */,
			);
			buildRules = (
			);
			dependencies = (
				E27901FC1B8D989C00E09E46 /* PBXTargetDependency */,
			);
			name = "Quake 3 BSP RendererTests";
			productName = "Quake 3 BSP RendererTests";
			productReference = E27901FA1B8D989C00E09E46 /* Quake 3 BSP RendererTests.xctest */;
			productType = "com.apple.product-type.bundle.unit-test";
		};
/* End PBXNativeTarget section */

/* Begin PBXProject section */
		E27901DD1B8D989C00E09E46 /* Project object */ = {
			isa = PBXProject;
			attributes = {
				LastSwiftMigration = 0700;
				LastSwiftUpdateCheck = 0700;
				LastUpgradeCheck = 0700;
				ORGANIZATIONNAME = "Thomas Brunoli";
				TargetAttributes = {
					E27901E41B8D989C00E09E46 = {
						CreatedOnToolsVersion = 6.4;
						DevelopmentTeam = XVVR4L7TTW;
					};
					E27901F91B8D989C00E09E46 = {
						CreatedOnToolsVersion = 6.4;
						TestTargetID = E27901E41B8D989C00E09E46;
					};
				};
			};
			buildConfigurationList = E27901E01B8D989C00E09E46 /* Build configuration list for PBXProject "Quake 3 BSP Renderer" */;
			compatibilityVersion = "Xcode 3.2";
			developmentRegion = English;
			hasScannedForEncodings = 0;
			knownRegions = (
				en,
				Base,
			);
			mainGroup = E27901DC1B8D989C00E09E46;
			productRefGroup = E27901E61B8D989C00E09E46 /* Products */;
			projectDirPath = "";
			projectRoot = "";
			targets = (
				E27901E41B8D989C00E09E46 /* Quake 3 BSP Renderer */,
				E27901F91B8D989C00E09E46 /* Quake 3 BSP RendererTests */,
			);
		};
/* End PBXProject section */

/* Begin PBXResourcesBuildPhase section */
		E27901E31B8D989C00E09E46 /* Resources */ = {
			isa = PBXResourcesBuildPhase;
			buildActionMask = 2147483647;
			files = (
				E27901F01B8D989C00E09E46 /* Main.storyboard in Resources */,
				E27901F51B8D989C00E09E46 /* LaunchScreen.xib in Resources */,
				E27901F21B8D989C00E09E46 /* Images.xcassets in Resources */,
				E24F12B41C47BD5200DF1DCF /* pak0.pk3 in Resources */,
			);
			runOnlyForDeploymentPostprocessing = 0;
		};
		E27901F81B8D989C00E09E46 /* Resources */ = {
			isa = PBXResourcesBuildPhase;
			buildActionMask = 2147483647;
			files = (
			);
			runOnlyForDeploymentPostprocessing = 0;
		};
/* End PBXResourcesBuildPhase section */

/* Begin PBXShellScriptBuildPhase section */
		5F73E9B5822B3AD6E9A43B15 /* Embed Pods Frameworks */ = {
			isa = PBXShellScriptBuildPhase;
			buildActionMask = 2147483647;
			files = (
			);
			inputPaths = (
			);
			name = "Embed Pods Frameworks";
			outputPaths = (
			);
			runOnlyForDeploymentPostprocessing = 0;
			shellPath = /bin/sh;
			shellScript = "\"${SRCROOT}/Pods/Target Support Files/Pods-Quake 3 BSP Renderer/Pods-Quake 3 BSP Renderer-frameworks.sh\"\n";
			showEnvVarsInLog = 0;
		};
		B1BA9CC0B23D30CEA5FE06E8 /* Copy Pods Resources */ = {
			isa = PBXShellScriptBuildPhase;
			buildActionMask = 2147483647;
			files = (
			);
			inputPaths = (
			);
			name = "Copy Pods Resources";
			outputPaths = (
			);
			runOnlyForDeploymentPostprocessing = 0;
			shellPath = /bin/sh;
			shellScript = "\"${SRCROOT}/Pods/Target Support Files/Pods-Quake 3 BSP Renderer/Pods-Quake 3 BSP Renderer-resources.sh\"\n";
			showEnvVarsInLog = 0;
		};
		C67F708CA01454CC4112CA64 /* Check Pods Manifest.lock */ = {
			isa = PBXShellScriptBuildPhase;
			buildActionMask = 2147483647;
			files = (
			);
			inputPaths = (
			);
			name = "Check Pods Manifest.lock";
			outputPaths = (
			);
			runOnlyForDeploymentPostprocessing = 0;
			shellPath = /bin/sh;
			shellScript = "diff \"${PODS_ROOT}/../Podfile.lock\" \"${PODS_ROOT}/Manifest.lock\" > /dev/null\nif [[ $? != 0 ]] ; then\n    cat << EOM\nerror: The sandbox is not in sync with the Podfile.lock. Run 'pod install' or update your CocoaPods installation.\nEOM\n    exit 1\nfi\n";
			showEnvVarsInLog = 0;
		};
/* End PBXShellScriptBuildPhase section */

/* Begin PBXSourcesBuildPhase section */
		E27901E11B8D989C00E09E46 /* Sources */ = {
			isa = PBXSourcesBuildPhase;
			buildActionMask = 2147483647;
			files = (
				E2E0B6191C2B9FB800365076 /* Bezier.swift in Sources */,
				E27901ED1B8D989C00E09E46 /* ViewController.swift in Sources */,
				E2C8CC851C40A93F003E0D4C /* BufferProvider.swift in Sources */,
				E24920C81C0733D100352118 /* Mesh.swift in Sources */,
				E21CCBB81C46297D00BF5B91 /* Q3ResourceLoader.swift in Sources */,
				E24F12B61C47C2D300DF1DCF /* Targa.swift in Sources */,
				E21CCBBC1C46344D00BF5B91 /* Q3Types.swift in Sources */,
				E27901EB1B8D989C00E09E46 /* AppDelegate.swift in Sources */,
				E279020B1B8D98CB00E09E46 /* BinaryReader.swift in Sources */,
				E26DC7181C15625C003E7A54 /* Camera.swift in Sources */,
				E279020F1B8D9CAC00E09E46 /* Shaders.metal in Sources */,
				E21CCBBA1C462C5200BF5B91 /* Q3Map.swift in Sources */,
			);
			runOnlyForDeploymentPostprocessing = 0;
		};
		E27901F61B8D989C00E09E46 /* Sources */ = {
			isa = PBXSourcesBuildPhase;
			buildActionMask = 2147483647;
			files = (
			);
			runOnlyForDeploymentPostprocessing = 0;
		};
/* End PBXSourcesBuildPhase section */

/* Begin PBXTargetDependency section */
		E27901FC1B8D989C00E09E46 /* PBXTargetDependency */ = {
			isa = PBXTargetDependency;
			target = E27901E41B8D989C00E09E46 /* Quake 3 BSP Renderer */;
			targetProxy = E27901FB1B8D989C00E09E46 /* PBXContainerItemProxy */;
		};
/* End PBXTargetDependency section */

/* Begin PBXVariantGroup section */
		E27901EE1B8D989C00E09E46 /* Main.storyboard */ = {
			isa = PBXVariantGroup;
			children = (
				E27901EF1B8D989C00E09E46 /* Base */,
			);
			name = Main.storyboard;
			sourceTree = "<group>";
		};
		E27901F31B8D989C00E09E46 /* LaunchScreen.xib */ = {
			isa = PBXVariantGroup;
			children = (
				E27901F41B8D989C00E09E46 /* Base */,
			);
			name = LaunchScreen.xib;
			sourceTree = "<group>";
		};
/* End PBXVariantGroup section */

/* Begin XCBuildConfiguration section */
		E27902021B8D989C00E09E46 /* Debug */ = {
			isa = XCBuildConfiguration;
			buildSettings = {
				ALWAYS_SEARCH_USER_PATHS = NO;
				CLANG_CXX_LANGUAGE_STANDARD = "gnu++0x";
				CLANG_CXX_LIBRARY = "libc++";
				CLANG_ENABLE_MODULES = YES;
				CLANG_ENABLE_OBJC_ARC = YES;
				CLANG_WARN_BOOL_CONVERSION = YES;
				CLANG_WARN_CONSTANT_CONVERSION = YES;
				CLANG_WARN_DIRECT_OBJC_ISA_USAGE = YES_ERROR;
				CLANG_WARN_EMPTY_BODY = YES;
				CLANG_WARN_ENUM_CONVERSION = YES;
				CLANG_WARN_INT_CONVERSION = YES;
				CLANG_WARN_OBJC_ROOT_CLASS = YES_ERROR;
				CLANG_WARN_UNREACHABLE_CODE = YES;
				CLANG_WARN__DUPLICATE_METHOD_MATCH = YES;
				"CODE_SIGN_IDENTITY[sdk=iphoneos*]" = "iPhone Developer";
				COPY_PHASE_STRIP = NO;
				DEBUG_INFORMATION_FORMAT = "dwarf-with-dsym";
				ENABLE_STRICT_OBJC_MSGSEND = YES;
				ENABLE_TESTABILITY = YES;
				GCC_C_LANGUAGE_STANDARD = gnu99;
				GCC_DYNAMIC_NO_PIC = NO;
				GCC_NO_COMMON_BLOCKS = YES;
				GCC_OPTIMIZATION_LEVEL = 0;
				GCC_PREPROCESSOR_DEFINITIONS = (
					"DEBUG=1",
					"$(inherited)",
				);
				GCC_SYMBOLS_PRIVATE_EXTERN = NO;
				GCC_WARN_64_TO_32_BIT_CONVERSION = YES;
				GCC_WARN_ABOUT_RETURN_TYPE = YES_ERROR;
				GCC_WARN_UNDECLARED_SELECTOR = YES;
				GCC_WARN_UNINITIALIZED_AUTOS = YES_AGGRESSIVE;
				GCC_WARN_UNUSED_FUNCTION = YES;
				GCC_WARN_UNUSED_VARIABLE = YES;
				IPHONEOS_DEPLOYMENT_TARGET = 9.0;
				MTL_ENABLE_DEBUG_INFO = YES;
				ONLY_ACTIVE_ARCH = YES;
				SDKROOT = iphoneos;
				SWIFT_OPTIMIZATION_LEVEL = "-Onone";
			};
			name = Debug;
		};
		E27902031B8D989C00E09E46 /* Release */ = {
			isa = XCBuildConfiguration;
			buildSettings = {
				ALWAYS_SEARCH_USER_PATHS = NO;
				CLANG_CXX_LANGUAGE_STANDARD = "gnu++0x";
				CLANG_CXX_LIBRARY = "libc++";
				CLANG_ENABLE_MODULES = YES;
				CLANG_ENABLE_OBJC_ARC = YES;
				CLANG_WARN_BOOL_CONVERSION = YES;
				CLANG_WARN_CONSTANT_CONVERSION = YES;
				CLANG_WARN_DIRECT_OBJC_ISA_USAGE = YES_ERROR;
				CLANG_WARN_EMPTY_BODY = YES;
				CLANG_WARN_ENUM_CONVERSION = YES;
				CLANG_WARN_INT_CONVERSION = YES;
				CLANG_WARN_OBJC_ROOT_CLASS = YES_ERROR;
				CLANG_WARN_UNREACHABLE_CODE = YES;
				CLANG_WARN__DUPLICATE_METHOD_MATCH = YES;
				"CODE_SIGN_IDENTITY[sdk=iphoneos*]" = "iPhone Developer";
				COPY_PHASE_STRIP = NO;
				DEBUG_INFORMATION_FORMAT = "dwarf-with-dsym";
				ENABLE_NS_ASSERTIONS = NO;
				ENABLE_STRICT_OBJC_MSGSEND = YES;
				GCC_C_LANGUAGE_STANDARD = gnu99;
				GCC_NO_COMMON_BLOCKS = YES;
				GCC_WARN_64_TO_32_BIT_CONVERSION = YES;
				GCC_WARN_ABOUT_RETURN_TYPE = YES_ERROR;
				GCC_WARN_UNDECLARED_SELECTOR = YES;
				GCC_WARN_UNINITIALIZED_AUTOS = YES_AGGRESSIVE;
				GCC_WARN_UNUSED_FUNCTION = YES;
				GCC_WARN_UNUSED_VARIABLE = YES;
				IPHONEOS_DEPLOYMENT_TARGET = 9.0;
				MTL_ENABLE_DEBUG_INFO = NO;
				SDKROOT = iphoneos;
				VALIDATE_PRODUCT = YES;
			};
			name = Release;
		};
		E27902051B8D989C00E09E46 /* Debug */ = {
			isa = XCBuildConfiguration;
			baseConfigurationReference = 91FC9E179FF0E33E9F2EA5B5 /* Pods-Quake 3 BSP Renderer.debug.xcconfig */;
			buildSettings = {
				ASSETCATALOG_COMPILER_APPICON_NAME = AppIcon;
				CODE_SIGN_IDENTITY = "iPhone Developer";
				"CODE_SIGN_IDENTITY[sdk=iphoneos*]" = "iPhone Developer";
				INFOPLIST_FILE = "Quake 3 BSP Renderer/Info.plist";
				LD_RUNPATH_SEARCH_PATHS = "$(inherited) @executable_path/Frameworks";
				PRODUCT_BUNDLE_IDENTIFIER = "com.tombrunoli.$(PRODUCT_NAME:rfc1034identifier)";
				PRODUCT_NAME = "$(TARGET_NAME)";
				PROVISIONING_PROFILE = "";
			};
			name = Debug;
		};
		E27902061B8D989C00E09E46 /* Release */ = {
			isa = XCBuildConfiguration;
			baseConfigurationReference = 463EDD83127DC7FDF8435C5B /* Pods-Quake 3 BSP Renderer.release.xcconfig */;
			buildSettings = {
				ASSETCATALOG_COMPILER_APPICON_NAME = AppIcon;
				CODE_SIGN_IDENTITY = "iPhone Developer";
				"CODE_SIGN_IDENTITY[sdk=iphoneos*]" = "iPhone Developer";
				INFOPLIST_FILE = "Quake 3 BSP Renderer/Info.plist";
				LD_RUNPATH_SEARCH_PATHS = "$(inherited) @executable_path/Frameworks";
				PRODUCT_BUNDLE_IDENTIFIER = "com.tombrunoli.$(PRODUCT_NAME:rfc1034identifier)";
				PRODUCT_NAME = "$(TARGET_NAME)";
				PROVISIONING_PROFILE = "";
			};
			name = Release;
		};
		E27902081B8D989C00E09E46 /* Debug */ = {
			isa = XCBuildConfiguration;
			buildSettings = {
				BUNDLE_LOADER = "$(TEST_HOST)";
				FRAMEWORK_SEARCH_PATHS = (
					"$(SDKROOT)/Developer/Library/Frameworks",
					"$(inherited)",
				);
				GCC_PREPROCESSOR_DEFINITIONS = (
					"DEBUG=1",
					"$(inherited)",
				);
				INFOPLIST_FILE = "Quake 3 BSP RendererTests/Info.plist";
				LD_RUNPATH_SEARCH_PATHS = "$(inherited) @executable_path/Frameworks @loader_path/Frameworks";
				PRODUCT_BUNDLE_IDENTIFIER = "com.tombrunoli.$(PRODUCT_NAME:rfc1034identifier)";
				PRODUCT_NAME = "$(TARGET_NAME)";
				TEST_HOST = "$(BUILT_PRODUCTS_DIR)/Quake 3 BSP Renderer.app/Quake 3 BSP Renderer";
			};
			name = Debug;
		};
		E27902091B8D989C00E09E46 /* Release */ = {
			isa = XCBuildConfiguration;
			buildSettings = {
				BUNDLE_LOADER = "$(TEST_HOST)";
				FRAMEWORK_SEARCH_PATHS = (
					"$(SDKROOT)/Developer/Library/Frameworks",
					"$(inherited)",
				);
				INFOPLIST_FILE = "Quake 3 BSP RendererTests/Info.plist";
				LD_RUNPATH_SEARCH_PATHS = "$(inherited) @executable_path/Frameworks @loader_path/Frameworks";
				PRODUCT_BUNDLE_IDENTIFIER = "com.tombrunoli.$(PRODUCT_NAME:rfc1034identifier)";
				PRODUCT_NAME = "$(TARGET_NAME)";
				TEST_HOST = "$(BUILT_PRODUCTS_DIR)/Quake 3 BSP Renderer.app/Quake 3 BSP Renderer";
			};
			name = Release;
		};
/* End XCBuildConfiguration section */

/* Begin XCConfigurationList section */
		E27901E01B8D989C00E09E46 /* Build configuration list for PBXProject "Quake 3 BSP Renderer" */ = {
			isa = XCConfigurationList;
			buildConfigurations = (
				E27902021B8D989C00E09E46 /* Debug */,
				E27902031B8D989C00E09E46 /* Release */,
			);
			defaultConfigurationIsVisible = 0;
			defaultConfigurationName = Release;
		};
		E27902041B8D989C00E09E46 /* Build configuration list for PBXNativeTarget "Quake 3 BSP Renderer" */ = {
			isa = XCConfigurationList;
			buildConfigurations = (
				E27902051B8D989C00E09E46 /* Debug */,
				E27902061B8D989C00E09E46 /* Release */,
			);
			defaultConfigurationIsVisible = 0;
			defaultConfigurationName = Release;
		};
		E27902071B8D989C00E09E46 /* Build configuration list for PBXNativeTarget "Quake 3 BSP RendererTests" */ = {
			isa = XCConfigurationList;
			buildConfigurations = (
				E27902081B8D989C00E09E46 /* Debug */,
				E27902091B8D989C00E09E46 /* Release */,
			);
			defaultConfigurationIsVisible = 0;
			defaultConfigurationName = Release;
		};
/* End XCConfigurationList section */
	};
	rootObject = E27901DD1B8D989C00E09E46 /* Project object */;
}
