// !$*UTF8*$!
{
	archiveVersion = 1;
	classes = {
	};
	objectVersion = 46;
	objects = {

/* Begin PBXBuildFile section */
		3344548A1F3F53F4000A880E /* QuakeRenderer.swift in Sources */ = {isa = PBXBuildFile; fileRef = 334454891F3F53F4000A880E /* QuakeRenderer.swift */; };
		339705AF1F41164500CC9B28 /* Q3EntityParser.swift in Sources */ = {isa = PBXBuildFile; fileRef = 339705AE1F41164500CC9B28 /* Q3EntityParser.swift */; };
		9CBFBE9497A4D60933676794 /* Pods_Quake_3_BSP_Renderer.framework in Frameworks */ = {isa = PBXBuildFile; fileRef = A15D29874BB716A4DD4F066F /* Pods_Quake_3_BSP_Renderer.framework */; };
		E21CCBB81C46297D00BF5B91 /* Q3ResourceLoader.swift in Sources */ = {isa = PBXBuildFile; fileRef = E21CCBB71C46297D00BF5B91 /* Q3ResourceLoader.swift */; };
		E21CCBBA1C462C5200BF5B91 /* Q3Map.swift in Sources */ = {isa = PBXBuildFile; fileRef = E21CCBB91C462C5200BF5B91 /* Q3Map.swift */; };
		E21CCBBC1C46344D00BF5B91 /* Q3Types.swift in Sources */ = {isa = PBXBuildFile; fileRef = E21CCBBB1C46344D00BF5B91 /* Q3Types.swift */; };
		E2459AF71C918E9F00C29BFE /* ShaderBuilder.swift in Sources */ = {isa = PBXBuildFile; fileRef = E2459AF61C918E9F00C29BFE /* ShaderBuilder.swift */; };
		E24920C81C0733D100352118 /* Mesh.swift in Sources */ = {isa = PBXBuildFile; fileRef = E24920C71C0733D100352118 /* Mesh.swift */; };
		E24F12B41C47BD5200DF1DCF /* pak0.pk3 in Resources */ = {isa = PBXBuildFile; fileRef = E24F12B31C47BD5200DF1DCF /* pak0.pk3 */; };
		E24F12B61C47C2D300DF1DCF /* Targa.swift in Sources */ = {isa = PBXBuildFile; fileRef = E24F12B51C47C2D300DF1DCF /* Targa.swift */; };
		E25B8E2A1D1D186B009EDC8C /* main.mustache in Resources */ = {isa = PBXBuildFile; fileRef = E25B8E291D1D186B009EDC8C /* main.mustache */; };
		E25B8E2E1D1D1DDC009EDC8C /* textureCoordinateModRotate.mustache in Resources */ = {isa = PBXBuildFile; fileRef = E25B8E2D1D1D1DDC009EDC8C /* textureCoordinateModRotate.mustache */; };
		E25B8E301D1D1E4A009EDC8C /* textureCoordinateModScale.mustache in Resources */ = {isa = PBXBuildFile; fileRef = E25B8E2F1D1D1E4A009EDC8C /* textureCoordinateModScale.mustache */; };
		E25B8E321D1D1F2A009EDC8C /* textureCoordinateModScroll.mustache in Resources */ = {isa = PBXBuildFile; fileRef = E25B8E311D1D1F2A009EDC8C /* textureCoordinateModScroll.mustache */; };
		E26DC7181C15625C003E7A54 /* Camera.swift in Sources */ = {isa = PBXBuildFile; fileRef = E26DC7171C15625C003E7A54 /* Camera.swift */; };
		E27901EB1B8D989C00E09E46 /* AppDelegate.swift in Sources */ = {isa = PBXBuildFile; fileRef = E27901EA1B8D989C00E09E46 /* AppDelegate.swift */; };
		E27901ED1B8D989C00E09E46 /* ViewController.swift in Sources */ = {isa = PBXBuildFile; fileRef = E27901EC1B8D989C00E09E46 /* ViewController.swift */; };
		E27901F01B8D989C00E09E46 /* Main.storyboard in Resources */ = {isa = PBXBuildFile; fileRef = E27901EE1B8D989C00E09E46 /* Main.storyboard */; };
		E27901F21B8D989C00E09E46 /* Images.xcassets in Resources */ = {isa = PBXBuildFile; fileRef = E27901F11B8D989C00E09E46 /* Images.xcassets */; };
		E27901F51B8D989C00E09E46 /* LaunchScreen.xib in Resources */ = {isa = PBXBuildFile; fileRef = E27901F31B8D989C00E09E46 /* LaunchScreen.xib */; };
		E279020B1B8D98CB00E09E46 /* BinaryReader.swift in Sources */ = {isa = PBXBuildFile; fileRef = E279020A1B8D98CB00E09E46 /* BinaryReader.swift */; };
		E288A0991C81C3BD00A36DA8 /* Q3TextureLoader.swift in Sources */ = {isa = PBXBuildFile; fileRef = E288A0981C81C3BD00A36DA8 /* Q3TextureLoader.swift */; };
		E2921B151D212FC60060FCE4 /* waveformSin.mustache in Resources */ = {isa = PBXBuildFile; fileRef = E2921B141D212FC60060FCE4 /* waveformSin.mustache */; };
		E2921B171D2130F00060FCE4 /* waveformTriangle.mustache in Resources */ = {isa = PBXBuildFile; fileRef = E2921B161D2130F00060FCE4 /* waveformTriangle.mustache */; };
		E2921B191D21318B0060FCE4 /* waveformSquare.mustache in Resources */ = {isa = PBXBuildFile; fileRef = E2921B181D21318B0060FCE4 /* waveformSquare.mustache */; };
		E2921B1B1D2132590060FCE4 /* waveformSawtooth.mustache in Resources */ = {isa = PBXBuildFile; fileRef = E2921B1A1D2132590060FCE4 /* waveformSawtooth.mustache */; };
		E2921B1E1D2132A00060FCE4 /* waveformInverseSawtooth.mustache in Resources */ = {isa = PBXBuildFile; fileRef = E2921B1D1D2132A00060FCE4 /* waveformInverseSawtooth.mustache */; };
		E2921B201D21CE8F0060FCE4 /* waveformNoise.mustache in Resources */ = {isa = PBXBuildFile; fileRef = E2921B1F1D21CE8F0060FCE4 /* waveformNoise.mustache */; };
		E2921B221D21D17A0060FCE4 /* textureCoordinateModStretch.mustache in Resources */ = {isa = PBXBuildFile; fileRef = E2921B211D21D17A0060FCE4 /* textureCoordinateModStretch.mustache */; };
		E2C573761C6B64A9002004A2 /* Q3Shader.swift in Sources */ = {isa = PBXBuildFile; fileRef = E2C573751C6B64A9002004A2 /* Q3Shader.swift */; };
		E2C7293D1C7C86CF0087A64A /* Material.swift in Sources */ = {isa = PBXBuildFile; fileRef = E2C7293C1C7C86CF0087A64A /* Material.swift */; };
		E2C8CC851C40A93F003E0D4C /* BufferProvider.swift in Sources */ = {isa = PBXBuildFile; fileRef = E2C8CC841C40A93F003E0D4C /* BufferProvider.swift */; };
		E2E0B6191C2B9FB800365076 /* Bezier.swift in Sources */ = {isa = PBXBuildFile; fileRef = E2E0B6181C2B9FB800365076 /* Bezier.swift */; };
		E2EE7EA41D22012800640A0A /* rgbGeneratorWave.mustache in Resources */ = {isa = PBXBuildFile; fileRef = E2EE7EA31D22012800640A0A /* rgbGeneratorWave.mustache */; };
		E2EE7EA61D2207BC00640A0A /* rgbGeneratorVertex.mustache in Resources */ = {isa = PBXBuildFile; fileRef = E2EE7EA51D2207BC00640A0A /* rgbGeneratorVertex.mustache */; };
		E2EE7EA81D22080700640A0A /* rgbGeneratorDefault.mustache in Resources */ = {isa = PBXBuildFile; fileRef = E2EE7EA71D22080700640A0A /* rgbGeneratorDefault.mustache */; };
		E2EE7EAA1D22185600640A0A /* vertexDeformWave.mustache in Resources */ = {isa = PBXBuildFile; fileRef = E2EE7EA91D22185600640A0A /* vertexDeformWave.mustache */; };
		E2FB31051C6ED81500912E77 /* Q3ShaderParser.swift in Sources */ = {isa = PBXBuildFile; fileRef = E2FB31041C6ED81500912E77 /* Q3ShaderParser.swift */; };
/* End PBXBuildFile section */

/* Begin PBXFileReference section */
		02400AFFB3ACEA707DFAAA87 /* Pods_Quake_3_BSP_RendererTests.framework */ = {isa = PBXFileReference; explicitFileType = wrapper.framework; includeInIndex = 0; path = Pods_Quake_3_BSP_RendererTests.framework; sourceTree = BUILT_PRODUCTS_DIR; };
		20629CE9A6C518FC5AF12C68 /* Pods-Quake 3 BSP RendererTests.debug.xcconfig */ = {isa = PBXFileReference; includeInIndex = 1; lastKnownFileType = text.xcconfig; name = "Pods-Quake 3 BSP RendererTests.debug.xcconfig"; path = "Pods/Target Support Files/Pods-Quake 3 BSP RendererTests/Pods-Quake 3 BSP RendererTests.debug.xcconfig"; sourceTree = "<group>"; };
		2375698C3B0A3C1BCD8B8430 /* Pods-Quake 3 BSP RendererTests.release.xcconfig */ = {isa = PBXFileReference; includeInIndex = 1; lastKnownFileType = text.xcconfig; name = "Pods-Quake 3 BSP RendererTests.release.xcconfig"; path = "Pods/Target Support Files/Pods-Quake 3 BSP RendererTests/Pods-Quake 3 BSP RendererTests.release.xcconfig"; sourceTree = "<group>"; };
		334454891F3F53F4000A880E /* QuakeRenderer.swift */ = {isa = PBXFileReference; fileEncoding = 4; lastKnownFileType = sourcecode.swift; path = QuakeRenderer.swift; sourceTree = "<group>"; };
		339705AE1F41164500CC9B28 /* Q3EntityParser.swift */ = {isa = PBXFileReference; fileEncoding = 4; lastKnownFileType = sourcecode.swift; path = Q3EntityParser.swift; sourceTree = "<group>"; };
		6658A5057F2CE94B488896DA /* Pods-Quake 3 BSP Renderer.release.xcconfig */ = {isa = PBXFileReference; includeInIndex = 1; lastKnownFileType = text.xcconfig; name = "Pods-Quake 3 BSP Renderer.release.xcconfig"; path = "Pods/Target Support Files/Pods-Quake 3 BSP Renderer/Pods-Quake 3 BSP Renderer.release.xcconfig"; sourceTree = "<group>"; };
		A15D29874BB716A4DD4F066F /* Pods_Quake_3_BSP_Renderer.framework */ = {isa = PBXFileReference; explicitFileType = wrapper.framework; includeInIndex = 0; path = Pods_Quake_3_BSP_Renderer.framework; sourceTree = BUILT_PRODUCTS_DIR; };
		E21CCBB71C46297D00BF5B91 /* Q3ResourceLoader.swift */ = {isa = PBXFileReference; fileEncoding = 4; lastKnownFileType = sourcecode.swift; path = Q3ResourceLoader.swift; sourceTree = "<group>"; };
		E21CCBB91C462C5200BF5B91 /* Q3Map.swift */ = {isa = PBXFileReference; fileEncoding = 4; lastKnownFileType = sourcecode.swift; path = Q3Map.swift; sourceTree = "<group>"; };
		E21CCBBB1C46344D00BF5B91 /* Q3Types.swift */ = {isa = PBXFileReference; fileEncoding = 4; lastKnownFileType = sourcecode.swift; path = Q3Types.swift; sourceTree = "<group>"; };
		E2459AF61C918E9F00C29BFE /* ShaderBuilder.swift */ = {isa = PBXFileReference; fileEncoding = 4; lastKnownFileType = sourcecode.swift; path = ShaderBuilder.swift; sourceTree = "<group>"; };
		E24920C71C0733D100352118 /* Mesh.swift */ = {isa = PBXFileReference; fileEncoding = 4; lastKnownFileType = sourcecode.swift; path = Mesh.swift; sourceTree = "<group>"; };
		E24F12B31C47BD5200DF1DCF /* pak0.pk3 */ = {isa = PBXFileReference; lastKnownFileType = file; path = pak0.pk3; sourceTree = "<group>"; };
		E24F12B51C47C2D300DF1DCF /* Targa.swift */ = {isa = PBXFileReference; fileEncoding = 4; lastKnownFileType = sourcecode.swift; path = Targa.swift; sourceTree = "<group>"; };
		E25B8E291D1D186B009EDC8C /* main.mustache */ = {isa = PBXFileReference; fileEncoding = 4; lastKnownFileType = text; name = main.mustache; path = templates/main.mustache; sourceTree = "<group>"; };
		E25B8E2D1D1D1DDC009EDC8C /* textureCoordinateModRotate.mustache */ = {isa = PBXFileReference; fileEncoding = 4; lastKnownFileType = text; name = textureCoordinateModRotate.mustache; path = templates/textureCoordinateModRotate.mustache; sourceTree = "<group>"; };
		E25B8E2F1D1D1E4A009EDC8C /* textureCoordinateModScale.mustache */ = {isa = PBXFileReference; fileEncoding = 4; lastKnownFileType = text; name = textureCoordinateModScale.mustache; path = templates/textureCoordinateModScale.mustache; sourceTree = "<group>"; };
		E25B8E311D1D1F2A009EDC8C /* textureCoordinateModScroll.mustache */ = {isa = PBXFileReference; fileEncoding = 4; lastKnownFileType = text; name = textureCoordinateModScroll.mustache; path = templates/textureCoordinateModScroll.mustache; sourceTree = "<group>"; };
		E26DC7171C15625C003E7A54 /* Camera.swift */ = {isa = PBXFileReference; fileEncoding = 4; lastKnownFileType = sourcecode.swift; path = Camera.swift; sourceTree = "<group>"; };
		E27901E51B8D989C00E09E46 /* Quake 3 BSP Renderer.app */ = {isa = PBXFileReference; explicitFileType = wrapper.application; includeInIndex = 0; path = "Quake 3 BSP Renderer.app"; sourceTree = BUILT_PRODUCTS_DIR; };
		E27901E91B8D989C00E09E46 /* Info.plist */ = {isa = PBXFileReference; lastKnownFileType = text.plist.xml; path = Info.plist; sourceTree = "<group>"; };
		E27901EA1B8D989C00E09E46 /* AppDelegate.swift */ = {isa = PBXFileReference; lastKnownFileType = sourcecode.swift; path = AppDelegate.swift; sourceTree = "<group>"; };
		E27901EC1B8D989C00E09E46 /* ViewController.swift */ = {isa = PBXFileReference; lastKnownFileType = sourcecode.swift; path = ViewController.swift; sourceTree = "<group>"; };
		E27901EF1B8D989C00E09E46 /* Base */ = {isa = PBXFileReference; lastKnownFileType = file.storyboard; name = Base; path = Base.lproj/Main.storyboard; sourceTree = "<group>"; };
		E27901F11B8D989C00E09E46 /* Images.xcassets */ = {isa = PBXFileReference; lastKnownFileType = folder.assetcatalog; path = Images.xcassets; sourceTree = "<group>"; };
		E27901F41B8D989C00E09E46 /* Base */ = {isa = PBXFileReference; lastKnownFileType = file.xib; name = Base; path = Base.lproj/LaunchScreen.xib; sourceTree = "<group>"; };
		E279020A1B8D98CB00E09E46 /* BinaryReader.swift */ = {isa = PBXFileReference; fileEncoding = 4; lastKnownFileType = sourcecode.swift; path = BinaryReader.swift; sourceTree = "<group>"; };
		E288A0981C81C3BD00A36DA8 /* Q3TextureLoader.swift */ = {isa = PBXFileReference; fileEncoding = 4; lastKnownFileType = sourcecode.swift; path = Q3TextureLoader.swift; sourceTree = "<group>"; };
		E2921B141D212FC60060FCE4 /* waveformSin.mustache */ = {isa = PBXFileReference; fileEncoding = 4; lastKnownFileType = text; name = waveformSin.mustache; path = templates/waveformSin.mustache; sourceTree = "<group>"; };
		E2921B161D2130F00060FCE4 /* waveformTriangle.mustache */ = {isa = PBXFileReference; fileEncoding = 4; lastKnownFileType = text; name = waveformTriangle.mustache; path = templates/waveformTriangle.mustache; sourceTree = "<group>"; };
		E2921B181D21318B0060FCE4 /* waveformSquare.mustache */ = {isa = PBXFileReference; fileEncoding = 4; lastKnownFileType = text; name = waveformSquare.mustache; path = templates/waveformSquare.mustache; sourceTree = "<group>"; };
		E2921B1A1D2132590060FCE4 /* waveformSawtooth.mustache */ = {isa = PBXFileReference; fileEncoding = 4; lastKnownFileType = text; name = waveformSawtooth.mustache; path = templates/waveformSawtooth.mustache; sourceTree = "<group>"; };
		E2921B1D1D2132A00060FCE4 /* waveformInverseSawtooth.mustache */ = {isa = PBXFileReference; fileEncoding = 4; lastKnownFileType = text; name = waveformInverseSawtooth.mustache; path = templates/waveformInverseSawtooth.mustache; sourceTree = "<group>"; };
		E2921B1F1D21CE8F0060FCE4 /* waveformNoise.mustache */ = {isa = PBXFileReference; fileEncoding = 4; lastKnownFileType = text; name = waveformNoise.mustache; path = templates/waveformNoise.mustache; sourceTree = "<group>"; };
		E2921B211D21D17A0060FCE4 /* textureCoordinateModStretch.mustache */ = {isa = PBXFileReference; fileEncoding = 4; lastKnownFileType = text; name = textureCoordinateModStretch.mustache; path = templates/textureCoordinateModStretch.mustache; sourceTree = "<group>"; };
		E2C573751C6B64A9002004A2 /* Q3Shader.swift */ = {isa = PBXFileReference; fileEncoding = 4; lastKnownFileType = sourcecode.swift; path = Q3Shader.swift; sourceTree = "<group>"; };
		E2C7293C1C7C86CF0087A64A /* Material.swift */ = {isa = PBXFileReference; fileEncoding = 4; lastKnownFileType = sourcecode.swift; path = Material.swift; sourceTree = "<group>"; };
		E2C8CC841C40A93F003E0D4C /* BufferProvider.swift */ = {isa = PBXFileReference; fileEncoding = 4; lastKnownFileType = sourcecode.swift; path = BufferProvider.swift; sourceTree = "<group>"; };
		E2E0B6181C2B9FB800365076 /* Bezier.swift */ = {isa = PBXFileReference; fileEncoding = 4; lastKnownFileType = sourcecode.swift; path = Bezier.swift; sourceTree = "<group>"; };
		E2EE7EA31D22012800640A0A /* rgbGeneratorWave.mustache */ = {isa = PBXFileReference; fileEncoding = 4; lastKnownFileType = text; name = rgbGeneratorWave.mustache; path = templates/rgbGeneratorWave.mustache; sourceTree = "<group>"; };
		E2EE7EA51D2207BC00640A0A /* rgbGeneratorVertex.mustache */ = {isa = PBXFileReference; fileEncoding = 4; lastKnownFileType = text; name = rgbGeneratorVertex.mustache; path = templates/rgbGeneratorVertex.mustache; sourceTree = "<group>"; };
		E2EE7EA71D22080700640A0A /* rgbGeneratorDefault.mustache */ = {isa = PBXFileReference; fileEncoding = 4; lastKnownFileType = text; name = rgbGeneratorDefault.mustache; path = templates/rgbGeneratorDefault.mustache; sourceTree = "<group>"; };
		E2EE7EA91D22185600640A0A /* vertexDeformWave.mustache */ = {isa = PBXFileReference; fileEncoding = 4; lastKnownFileType = text; name = vertexDeformWave.mustache; path = templates/vertexDeformWave.mustache; sourceTree = "<group>"; };
		E2FB31041C6ED81500912E77 /* Q3ShaderParser.swift */ = {isa = PBXFileReference; fileEncoding = 4; lastKnownFileType = sourcecode.swift; path = Q3ShaderParser.swift; sourceTree = "<group>"; };
		F941E96EC399B060791B7115 /* Pods-Quake 3 BSP Renderer.debug.xcconfig */ = {isa = PBXFileReference; includeInIndex = 1; lastKnownFileType = text.xcconfig; name = "Pods-Quake 3 BSP Renderer.debug.xcconfig"; path = "Pods/Target Support Files/Pods-Quake 3 BSP Renderer/Pods-Quake 3 BSP Renderer.debug.xcconfig"; sourceTree = "<group>"; };
/* End PBXFileReference section */

/* Begin PBXFrameworksBuildPhase section */
		E27901E21B8D989C00E09E46 /* Frameworks */ = {
			isa = PBXFrameworksBuildPhase;
			buildActionMask = 2147483647;
			files = (
				9CBFBE9497A4D60933676794 /* Pods_Quake_3_BSP_Renderer.framework in Frameworks */,
			);
			runOnlyForDeploymentPostprocessing = 0;
		};
/* End PBXFrameworksBuildPhase section */

/* Begin PBXGroup section */
		2D158D429B3C569FDD10F290 /* Frameworks */ = {
			isa = PBXGroup;
			children = (
				A15D29874BB716A4DD4F066F /* Pods_Quake_3_BSP_Renderer.framework */,
				02400AFFB3ACEA707DFAAA87 /* Pods_Quake_3_BSP_RendererTests.framework */,
			);
			name = Frameworks;
			sourceTree = "<group>";
		};
		DCEB8B4508043A3BAF6719D9 /* Pods */ = {
			isa = PBXGroup;
			children = (
				F941E96EC399B060791B7115 /* Pods-Quake 3 BSP Renderer.debug.xcconfig */,
				6658A5057F2CE94B488896DA /* Pods-Quake 3 BSP Renderer.release.xcconfig */,
				20629CE9A6C518FC5AF12C68 /* Pods-Quake 3 BSP RendererTests.debug.xcconfig */,
				2375698C3B0A3C1BCD8B8430 /* Pods-Quake 3 BSP RendererTests.release.xcconfig */,
			);
			name = Pods;
			sourceTree = "<group>";
		};
		E25B8E2C1D1D18A3009EDC8C /* templates */ = {
			isa = PBXGroup;
			children = (
				E25B8E291D1D186B009EDC8C /* main.mustache */,
				E25B8E2D1D1D1DDC009EDC8C /* textureCoordinateModRotate.mustache */,
				E25B8E2F1D1D1E4A009EDC8C /* textureCoordinateModScale.mustache */,
				E25B8E311D1D1F2A009EDC8C /* textureCoordinateModScroll.mustache */,
				E2921B211D21D17A0060FCE4 /* textureCoordinateModStretch.mustache */,
				E2921B1D1D2132A00060FCE4 /* waveformInverseSawtooth.mustache */,
				E2921B1F1D21CE8F0060FCE4 /* waveformNoise.mustache */,
				E2921B1A1D2132590060FCE4 /* waveformSawtooth.mustache */,
				E2921B141D212FC60060FCE4 /* waveformSin.mustache */,
				E2921B181D21318B0060FCE4 /* waveformSquare.mustache */,
				E2921B161D2130F00060FCE4 /* waveformTriangle.mustache */,
				E2EE7EA31D22012800640A0A /* rgbGeneratorWave.mustache */,
				E2EE7EA51D2207BC00640A0A /* rgbGeneratorVertex.mustache */,
				E2EE7EA71D22080700640A0A /* rgbGeneratorDefault.mustache */,
				E2EE7EA91D22185600640A0A /* vertexDeformWave.mustache */,
			);
			name = templates;
			sourceTree = "<group>";
		};
		E27901DC1B8D989C00E09E46 = {
			isa = PBXGroup;
			children = (
				E27901E71B8D989C00E09E46 /* Quake 3 BSP Renderer */,
				E27901E61B8D989C00E09E46 /* Products */,
				DCEB8B4508043A3BAF6719D9 /* Pods */,
				2D158D429B3C569FDD10F290 /* Frameworks */,
			);
			sourceTree = "<group>";
		};
		E27901E61B8D989C00E09E46 /* Products */ = {
			isa = PBXGroup;
			children = (
				E27901E51B8D989C00E09E46 /* Quake 3 BSP Renderer.app */,
			);
			name = Products;
			sourceTree = "<group>";
		};
		E27901E71B8D989C00E09E46 /* Quake 3 BSP Renderer */ = {
			isa = PBXGroup;
			children = (
				E24F12B31C47BD5200DF1DCF /* pak0.pk3 */,
				E27901EA1B8D989C00E09E46 /* AppDelegate.swift */,
				E27901EC1B8D989C00E09E46 /* ViewController.swift */,
				E27901EE1B8D989C00E09E46 /* Main.storyboard */,
				E27901F11B8D989C00E09E46 /* Images.xcassets */,
				E27901F31B8D989C00E09E46 /* LaunchScreen.xib */,
				E27901E81B8D989C00E09E46 /* Supporting Files */,
				E279020A1B8D98CB00E09E46 /* BinaryReader.swift */,
				E24920C71C0733D100352118 /* Mesh.swift */,
				E26DC7171C15625C003E7A54 /* Camera.swift */,
				E2E0B6181C2B9FB800365076 /* Bezier.swift */,
				E2C8CC841C40A93F003E0D4C /* BufferProvider.swift */,
				E21CCBB71C46297D00BF5B91 /* Q3ResourceLoader.swift */,
				E21CCBB91C462C5200BF5B91 /* Q3Map.swift */,
				E21CCBBB1C46344D00BF5B91 /* Q3Types.swift */,
				E24F12B51C47C2D300DF1DCF /* Targa.swift */,
				E2C573751C6B64A9002004A2 /* Q3Shader.swift */,
				E2FB31041C6ED81500912E77 /* Q3ShaderParser.swift */,
				E2C7293C1C7C86CF0087A64A /* Material.swift */,
				E288A0981C81C3BD00A36DA8 /* Q3TextureLoader.swift */,
				E2459AF61C918E9F00C29BFE /* ShaderBuilder.swift */,
				E25B8E2C1D1D18A3009EDC8C /* templates */,
				334454891F3F53F4000A880E /* QuakeRenderer.swift */,
				339705AE1F41164500CC9B28 /* Q3EntityParser.swift */,
			);
			path = "Quake 3 BSP Renderer";
			sourceTree = "<group>";
		};
		E27901E81B8D989C00E09E46 /* Supporting Files */ = {
			isa = PBXGroup;
			children = (
				E27901E91B8D989C00E09E46 /* Info.plist */,
			);
			name = "Supporting Files";
			sourceTree = "<group>";
		};
/* End PBXGroup section */

/* Begin PBXNativeTarget section */
		E27901E41B8D989C00E09E46 /* Quake 3 BSP Renderer */ = {
			isa = PBXNativeTarget;
			buildConfigurationList = E27902041B8D989C00E09E46 /* Build configuration list for PBXNativeTarget "Quake 3 BSP Renderer" */;
			buildPhases = (
				2A60BADD68E2F339D0B90691 /* [CP] Check Pods Manifest.lock */,
				E27901E11B8D989C00E09E46 /* Sources */,
				E27901E21B8D989C00E09E46 /* Frameworks */,
				E27901E31B8D989C00E09E46 /* Resources */,
				0ECED33B75BC8DA9DFE0D2D0 /* [CP] Embed Pods Frameworks */,
				A52D6E61C0B4C6F9BBB08F03 /* [CP] Copy Pods Resources */,
			);
			buildRules = (
			);
			dependencies = (
			);
			name = "Quake 3 BSP Renderer";
			productName = "Quake 3 BSP Renderer";
			productReference = E27901E51B8D989C00E09E46 /* Quake 3 BSP Renderer.app */;
			productType = "com.apple.product-type.application";
		};
/* End PBXNativeTarget section */

/* Begin PBXProject section */
		E27901DD1B8D989C00E09E46 /* Project object */ = {
			isa = PBXProject;
			attributes = {
				LastSwiftMigration = 0700;
				LastSwiftUpdateCheck = 0700;
				LastUpgradeCheck = 0830;
				ORGANIZATIONNAME = "Thomas Brunoli";
				TargetAttributes = {
					E27901E41B8D989C00E09E46 = {
						CreatedOnToolsVersion = 6.4;
						DevelopmentTeam = XVVR4L7TTW;
						LastSwiftMigration = 0830;
					};
				};
			};
			buildConfigurationList = E27901E01B8D989C00E09E46 /* Build configuration list for PBXProject "Quake 3 BSP Renderer" */;
			compatibilityVersion = "Xcode 3.2";
			developmentRegion = English;
			hasScannedForEncodings = 0;
			knownRegions = (
				en,
				Base,
			);
			mainGroup = E27901DC1B8D989C00E09E46;
			productRefGroup = E27901E61B8D989C00E09E46 /* Products */;
			projectDirPath = "";
			projectRoot = "";
			targets = (
				E27901E41B8D989C00E09E46 /* Quake 3 BSP Renderer */,
			);
		};
/* End PBXProject section */

/* Begin PBXResourcesBuildPhase section */
		E27901E31B8D989C00E09E46 /* Resources */ = {
			isa = PBXResourcesBuildPhase;
			buildActionMask = 2147483647;
			files = (
				E2921B151D212FC60060FCE4 /* waveformSin.mustache in Resources */,
				E2921B1B1D2132590060FCE4 /* waveformSawtooth.mustache in Resources */,
				E25B8E2E1D1D1DDC009EDC8C /* textureCoordinateModRotate.mustache in Resources */,
				E2921B201D21CE8F0060FCE4 /* waveformNoise.mustache in Resources */,
				E27901F01B8D989C00E09E46 /* Main.storyboard in Resources */,
				E25B8E301D1D1E4A009EDC8C /* textureCoordinateModScale.mustache in Resources */,
				E2EE7EA61D2207BC00640A0A /* rgbGeneratorVertex.mustache in Resources */,
				E2EE7EA41D22012800640A0A /* rgbGeneratorWave.mustache in Resources */,
				E25B8E321D1D1F2A009EDC8C /* textureCoordinateModScroll.mustache in Resources */,
				E2921B191D21318B0060FCE4 /* waveformSquare.mustache in Resources */,
				E27901F51B8D989C00E09E46 /* LaunchScreen.xib in Resources */,
				E27901F21B8D989C00E09E46 /* Images.xcassets in Resources */,
				E2921B1E1D2132A00060FCE4 /* waveformInverseSawtooth.mustache in Resources */,
				E2EE7EA81D22080700640A0A /* rgbGeneratorDefault.mustache in Resources */,
				E25B8E2A1D1D186B009EDC8C /* main.mustache in Resources */,
				E2921B171D2130F00060FCE4 /* waveformTriangle.mustache in Resources */,
				E24F12B41C47BD5200DF1DCF /* pak0.pk3 in Resources */,
				E2921B221D21D17A0060FCE4 /* textureCoordinateModStretch.mustache in Resources */,
				E2EE7EAA1D22185600640A0A /* vertexDeformWave.mustache in Resources */,
			);
			runOnlyForDeploymentPostprocessing = 0;
		};
/* End PBXResourcesBuildPhase section */

/* Begin PBXShellScriptBuildPhase section */
		0ECED33B75BC8DA9DFE0D2D0 /* [CP] Embed Pods Frameworks */ = {
			isa = PBXShellScriptBuildPhase;
			buildActionMask = 2147483647;
			files = (
			);
			inputPaths = (
			);
			name = "[CP] Embed Pods Frameworks";
			outputPaths = (
			);
			runOnlyForDeploymentPostprocessing = 0;
			shellPath = /bin/sh;
			shellScript = "\"${SRCROOT}/Pods/Target Support Files/Pods-Quake 3 BSP Renderer/Pods-Quake 3 BSP Renderer-frameworks.sh\"\n";
			showEnvVarsInLog = 0;
		};
		2A60BADD68E2F339D0B90691 /* [CP] Check Pods Manifest.lock */ = {
			isa = PBXShellScriptBuildPhase;
			buildActionMask = 2147483647;
			files = (
			);
			inputPaths = (
			);
			name = "[CP] Check Pods Manifest.lock";
			outputPaths = (
			);
			runOnlyForDeploymentPostprocessing = 0;
			shellPath = /bin/sh;
			shellScript = "diff \"${PODS_PODFILE_DIR_PATH}/Podfile.lock\" \"${PODS_ROOT}/Manifest.lock\" > /dev/null\nif [ $? != 0 ] ; then\n    # print error to STDERR\n    echo \"error: The sandbox is not in sync with the Podfile.lock. Run 'pod install' or update your CocoaPods installation.\" >&2\n    exit 1\nfi\n";
			showEnvVarsInLog = 0;
		};
		A52D6E61C0B4C6F9BBB08F03 /* [CP] Copy Pods Resources */ = {
			isa = PBXShellScriptBuildPhase;
			buildActionMask = 2147483647;
			files = (
			);
			inputPaths = (
			);
			name = "[CP] Copy Pods Resources";
			outputPaths = (
			);
			runOnlyForDeploymentPostprocessing = 0;
			shellPath = /bin/sh;
			shellScript = "\"${SRCROOT}/Pods/Target Support Files/Pods-Quake 3 BSP Renderer/Pods-Quake 3 BSP Renderer-resources.sh\"\n";
			showEnvVarsInLog = 0;
		};
/* End PBXShellScriptBuildPhase section */

/* Begin PBXSourcesBuildPhase section */
		E27901E11B8D989C00E09E46 /* Sources */ = {
			isa = PBXSourcesBuildPhase;
			buildActionMask = 2147483647;
			files = (
				E2E0B6191C2B9FB800365076 /* Bezier.swift in Sources */,
				E27901ED1B8D989C00E09E46 /* ViewController.swift in Sources */,
				E2459AF71C918E9F00C29BFE /* ShaderBuilder.swift in Sources */,
				E288A0991C81C3BD00A36DA8 /* Q3TextureLoader.swift in Sources */,
				E2C8CC851C40A93F003E0D4C /* BufferProvider.swift in Sources */,
				E2FB31051C6ED81500912E77 /* Q3ShaderParser.swift in Sources */,
				E24920C81C0733D100352118 /* Mesh.swift in Sources */,
				E2C573761C6B64A9002004A2 /* Q3Shader.swift in Sources */,
				E21CCBB81C46297D00BF5B91 /* Q3ResourceLoader.swift in Sources */,
				339705AF1F41164500CC9B28 /* Q3EntityParser.swift in Sources */,
				E2C7293D1C7C86CF0087A64A /* Material.swift in Sources */,
				E24F12B61C47C2D300DF1DCF /* Targa.swift in Sources */,
				E21CCBBC1C46344D00BF5B91 /* Q3Types.swift in Sources */,
				E27901EB1B8D989C00E09E46 /* AppDelegate.swift in Sources */,
				E279020B1B8D98CB00E09E46 /* BinaryReader.swift in Sources */,
				E26DC7181C15625C003E7A54 /* Camera.swift in Sources */,
				E21CCBBA1C462C5200BF5B91 /* Q3Map.swift in Sources */,
				3344548A1F3F53F4000A880E /* QuakeRenderer.swift in Sources */,
			);
			runOnlyForDeploymentPostprocessing = 0;
		};
/* End PBXSourcesBuildPhase section */

/* Begin PBXVariantGroup section */
		E27901EE1B8D989C00E09E46 /* Main.storyboard */ = {
			isa = PBXVariantGroup;
			children = (
				E27901EF1B8D989C00E09E46 /* Base */,
			);
			name = Main.storyboard;
			sourceTree = "<group>";
		};
		E27901F31B8D989C00E09E46 /* LaunchScreen.xib */ = {
			isa = PBXVariantGroup;
			children = (
				E27901F41B8D989C00E09E46 /* Base */,
			);
			name = LaunchScreen.xib;
			sourceTree = "<group>";
		};
/* End PBXVariantGroup section */

/* Begin XCBuildConfiguration section */
		E27902021B8D989C00E09E46 /* Debug */ = {
			isa = XCBuildConfiguration;
			buildSettings = {
				ALWAYS_SEARCH_USER_PATHS = NO;
				CLANG_CXX_LANGUAGE_STANDARD = "gnu++0x";
				CLANG_CXX_LIBRARY = "libc++";
				CLANG_ENABLE_MODULES = YES;
				CLANG_ENABLE_OBJC_ARC = YES;
				CLANG_WARN_BOOL_CONVERSION = YES;
				CLANG_WARN_CONSTANT_CONVERSION = YES;
				CLANG_WARN_DIRECT_OBJC_ISA_USAGE = YES_ERROR;
				CLANG_WARN_EMPTY_BODY = YES;
				CLANG_WARN_ENUM_CONVERSION = YES;
				CLANG_WARN_INFINITE_RECURSION = YES;
				CLANG_WARN_INT_CONVERSION = YES;
				CLANG_WARN_OBJC_ROOT_CLASS = YES_ERROR;
				CLANG_WARN_SUSPICIOUS_MOVE = YES;
				CLANG_WARN_UNREACHABLE_CODE = YES;
				CLANG_WARN__DUPLICATE_METHOD_MATCH = YES;
				"CODE_SIGN_IDENTITY[sdk=iphoneos*]" = "iPhone Developer";
				COPY_PHASE_STRIP = NO;
				DEBUG_INFORMATION_FORMAT = "dwarf-with-dsym";
				ENABLE_STRICT_OBJC_MSGSEND = YES;
				ENABLE_TESTABILITY = YES;
				GCC_C_LANGUAGE_STANDARD = gnu99;
				GCC_DYNAMIC_NO_PIC = NO;
				GCC_NO_COMMON_BLOCKS = YES;
				GCC_OPTIMIZATION_LEVEL = 0;
				GCC_PREPROCESSOR_DEFINITIONS = (
					"DEBUG=1",
					"$(inherited)",
				);
				GCC_SYMBOLS_PRIVATE_EXTERN = NO;
				GCC_WARN_64_TO_32_BIT_CONVERSION = YES;
				GCC_WARN_ABOUT_RETURN_TYPE = YES_ERROR;
				GCC_WARN_UNDECLARED_SELECTOR = YES;
				GCC_WARN_UNINITIALIZED_AUTOS = YES_AGGRESSIVE;
				GCC_WARN_UNUSED_FUNCTION = YES;
				GCC_WARN_UNUSED_VARIABLE = YES;
				IPHONEOS_DEPLOYMENT_TARGET = 9.0;
				MTL_ENABLE_DEBUG_INFO = YES;
				ONLY_ACTIVE_ARCH = YES;
				SDKROOT = iphoneos;
				SWIFT_OPTIMIZATION_LEVEL = "-Onone";
			};
			name = Debug;
		};
		E27902031B8D989C00E09E46 /* Release */ = {
			isa = XCBuildConfiguration;
			buildSettings = {
				ALWAYS_SEARCH_USER_PATHS = NO;
				CLANG_CXX_LANGUAGE_STANDARD = "gnu++0x";
				CLANG_CXX_LIBRARY = "libc++";
				CLANG_ENABLE_MODULES = YES;
				CLANG_ENABLE_OBJC_ARC = YES;
				CLANG_WARN_BOOL_CONVERSION = YES;
				CLANG_WARN_CONSTANT_CONVERSION = YES;
				CLANG_WARN_DIRECT_OBJC_ISA_USAGE = YES_ERROR;
				CLANG_WARN_EMPTY_BODY = YES;
				CLANG_WARN_ENUM_CONVERSION = YES;
				CLANG_WARN_INFINITE_RECURSION = YES;
				CLANG_WARN_INT_CONVERSION = YES;
				CLANG_WARN_OBJC_ROOT_CLASS = YES_ERROR;
				CLANG_WARN_SUSPICIOUS_MOVE = YES;
				CLANG_WARN_UNREACHABLE_CODE = YES;
				CLANG_WARN__DUPLICATE_METHOD_MATCH = YES;
				"CODE_SIGN_IDENTITY[sdk=iphoneos*]" = "iPhone Developer";
				COPY_PHASE_STRIP = NO;
				DEBUG_INFORMATION_FORMAT = "dwarf-with-dsym";
				ENABLE_NS_ASSERTIONS = NO;
				ENABLE_STRICT_OBJC_MSGSEND = YES;
				GCC_C_LANGUAGE_STANDARD = gnu99;
				GCC_NO_COMMON_BLOCKS = YES;
				GCC_WARN_64_TO_32_BIT_CONVERSION = YES;
				GCC_WARN_ABOUT_RETURN_TYPE = YES_ERROR;
				GCC_WARN_UNDECLARED_SELECTOR = YES;
				GCC_WARN_UNINITIALIZED_AUTOS = YES_AGGRESSIVE;
				GCC_WARN_UNUSED_FUNCTION = YES;
				GCC_WARN_UNUSED_VARIABLE = YES;
				IPHONEOS_DEPLOYMENT_TARGET = 9.0;
				MTL_ENABLE_DEBUG_INFO = NO;
				SDKROOT = iphoneos;
				SWIFT_OPTIMIZATION_LEVEL = "-Owholemodule";
				VALIDATE_PRODUCT = YES;
			};
			name = Release;
		};
		E27902051B8D989C00E09E46 /* Debug */ = {
			isa = XCBuildConfiguration;
			baseConfigurationReference = F941E96EC399B060791B7115 /* Pods-Quake 3 BSP Renderer.debug.xcconfig */;
			buildSettings = {
				ASSETCATALOG_COMPILER_APPICON_NAME = AppIcon;
				CODE_SIGN_IDENTITY = "iPhone Developer";
				"CODE_SIGN_IDENTITY[sdk=iphoneos*]" = "iPhone Developer";
				INFOPLIST_FILE = "Quake 3 BSP Renderer/Info.plist";
				LD_RUNPATH_SEARCH_PATHS = "$(inherited) @executable_path/Frameworks";
				PRODUCT_BUNDLE_IDENTIFIER = "com.tombrunoli.$(PRODUCT_NAME:rfc1034identifier)";
				PRODUCT_NAME = "$(TARGET_NAME)";
				PROVISIONING_PROFILE = "";
				SWIFT_VERSION = 3.0;
			};
			name = Debug;
		};
		E27902061B8D989C00E09E46 /* Release */ = {
			isa = XCBuildConfiguration;
			baseConfigurationReference = 6658A5057F2CE94B488896DA /* Pods-Quake 3 BSP Renderer.release.xcconfig */;
			buildSettings = {
				ASSETCATALOG_COMPILER_APPICON_NAME = AppIcon;
				CODE_SIGN_IDENTITY = "iPhone Developer";
				"CODE_SIGN_IDENTITY[sdk=iphoneos*]" = "iPhone Developer";
				INFOPLIST_FILE = "Quake 3 BSP Renderer/Info.plist";
				LD_RUNPATH_SEARCH_PATHS = "$(inherited) @executable_path/Frameworks";
				PRODUCT_BUNDLE_IDENTIFIER = "com.tombrunoli.$(PRODUCT_NAME:rfc1034identifier)";
				PRODUCT_NAME = "$(TARGET_NAME)";
				PROVISIONING_PROFILE = "";
				SWIFT_VERSION = 3.0;
			};
			name = Release;
		};
/* End XCBuildConfiguration section */

/* Begin XCConfigurationList section */
		E27901E01B8D989C00E09E46 /* Build configuration list for PBXProject "Quake 3 BSP Renderer" */ = {
			isa = XCConfigurationList;
			buildConfigurations = (
				E27902021B8D989C00E09E46 /* Debug */,
				E27902031B8D989C00E09E46 /* Release */,
			);
			defaultConfigurationIsVisible = 0;
			defaultConfigurationName = Release;
		};
		E27902041B8D989C00E09E46 /* Build configuration list for PBXNativeTarget "Quake 3 BSP Renderer" */ = {
			isa = XCConfigurationList;
			buildConfigurations = (
				E27902051B8D989C00E09E46 /* Debug */,
				E27902061B8D989C00E09E46 /* Release */,
			);
			defaultConfigurationIsVisible = 0;
			defaultConfigurationName = Release;
		};
/* End XCConfigurationList section */
	};
	rootObject = E27901DD1B8D989C00E09E46 /* Project object */;
}
